
Microsoft Visual Studio Solution File, Format Version 12.00
# Visual Studio Version 17
VisualStudioVersion = 17.0.31903.59
MinimumVisualStudioVersion = 10.0.40219.1
Project("{2150E333-8FDC-42A3-9474-1A3956D46DE8}") = "src", "src", "{827E0CD3-B72D-47B6-A68D-7590B98EB39B}"
EndProject
Project("{2150E333-8FDC-42A3-9474-1A3956D46DE8}") = "common", "common", "{BFF2DF6E-AA54-47C7-211F-79ACCBB4577C}"
EndProject
Project("{FAE04EC0-301F-11D3-BF4B-00C04F79EFBC}") = "DomusLedger.Common.Domain", "src\common\DomusLedger.Common.Domain\DomusLedger.Common.Domain.csproj", "{70B3A369-FB5F-4A43-A6C7-110ADE63728B}"
EndProject
Project("{2150E333-8FDC-42A3-9474-1A3956D46DE8}") = "tests", "tests", "{1E89AB8A-3958-F0A1-8EA0-B56BC4D9D951}"
EndProject
Project("{FAE04EC0-301F-11D3-BF4B-00C04F79EFBC}") = "DomusLedger.Common.Domain.UnitTests", "src\common\tests\DomusLedger.Common.Domain.UnitTests\DomusLedger.Common.Domain.UnitTests.csproj", "{2BE28A9A-0B60-4F8F-AD12-EFEB19C2B282}"
EndProject
Project("{2150E333-8FDC-42A3-9474-1A3956D46DE8}") = "solution items", "solution items", "{02EA681E-C7D8-13C7-8484-4AC65E1B71E8}"
	ProjectSection(SolutionItems) = preProject
		.editorconfig = .editorconfig
		Directory.Build.props = Directory.Build.props
		Directory.Packages.props = Directory.Packages.props
	EndProjectSection
EndProject
Project("{2150E333-8FDC-42A3-9474-1A3956D46DE8}") = "modules", "modules", "{EC447DCF-ABFA-6E24-52A5-D7FD48A5C558}"
EndProject
Project("{2150E333-8FDC-42A3-9474-1A3956D46DE8}") = "budgeting", "budgeting", "{64A503B8-9DAE-44B5-9C72-27432EAE363D}"
EndProject
Project("{FAE04EC0-301F-11D3-BF4B-00C04F79EFBC}") = "DomusLedger.Budgeting.Core", "src\modules\budgeting\DomusLedger.Budgeting.Core\DomusLedger.Budgeting.Core.csproj", "{70CF92BF-2771-4401-8D76-4AB0A6937157}"
EndProject
Project("{2150E333-8FDC-42A3-9474-1A3956D46DE8}") = "tests", "tests", "{3BFDE3C3-665D-40F6-9475-848E86C03DEC}"
EndProject
Project("{FAE04EC0-301F-11D3-BF4B-00C04F79EFBC}") = "DomusLedger.Budgeting.Core.UnitTests", "src\modules\budgeting\tests\DomusLedger.Budgeting.Core.UnitTests\DomusLedger.Budgeting.Core.UnitTests.csproj", "{A7078234-3DC4-43E5-97F4-0FC40F461622}"
EndProject
Project("{FAE04EC0-301F-11D3-BF4B-00C04F79EFBC}") = "DomainLedger.Budgeting.ArchTests", "src\modules\budgeting\tests\DomainLedger.Budgeting.ArchTests\DomainLedger.Budgeting.ArchTests.csproj", "{1C7769C8-F5DC-4155-95FD-2895BF797538}"
EndProject
Project("{FAE04EC0-301F-11D3-BF4B-00C04F79EFBC}") = "DomusLedger.Budgeting.Infrastructure", "src\modules\budgeting\DomusLedger.Budgeting.Infrastructure\DomusLedger.Budgeting.Infrastructure.csproj", "{19DF15A7-87AA-4D64-A14A-1D64E5EF27FC}"
EndProject
Global
	GlobalSection(SolutionConfigurationPlatforms) = preSolution
		Debug|Any CPU = Debug|Any CPU
		Debug|x64 = Debug|x64
		Debug|x86 = Debug|x86
		Release|Any CPU = Release|Any CPU
		Release|x64 = Release|x64
		Release|x86 = Release|x86
	EndGlobalSection
	GlobalSection(ProjectConfigurationPlatforms) = postSolution
		{70B3A369-FB5F-4A43-A6C7-110ADE63728B}.Debug|Any CPU.ActiveCfg = Debug|Any CPU
		{70B3A369-FB5F-4A43-A6C7-110ADE63728B}.Debug|Any CPU.Build.0 = Debug|Any CPU
		{70B3A369-FB5F-4A43-A6C7-110ADE63728B}.Debug|x64.ActiveCfg = Debug|Any CPU
		{70B3A369-FB5F-4A43-A6C7-110ADE63728B}.Debug|x64.Build.0 = Debug|Any CPU
		{70B3A369-FB5F-4A43-A6C7-110ADE63728B}.Debug|x86.ActiveCfg = Debug|Any CPU
		{70B3A369-FB5F-4A43-A6C7-110ADE63728B}.Debug|x86.Build.0 = Debug|Any CPU
		{70B3A369-FB5F-4A43-A6C7-110ADE63728B}.Release|Any CPU.ActiveCfg = Release|Any CPU
		{70B3A369-FB5F-4A43-A6C7-110ADE63728B}.Release|Any CPU.Build.0 = Release|Any CPU
		{70B3A369-FB5F-4A43-A6C7-110ADE63728B}.Release|x64.ActiveCfg = Release|Any CPU
		{70B3A369-FB5F-4A43-A6C7-110ADE63728B}.Release|x64.Build.0 = Release|Any CPU
		{70B3A369-FB5F-4A43-A6C7-110ADE63728B}.Release|x86.ActiveCfg = Release|Any CPU
		{70B3A369-FB5F-4A43-A6C7-110ADE63728B}.Release|x86.Build.0 = Release|Any CPU
		{2BE28A9A-0B60-4F8F-AD12-EFEB19C2B282}.Debug|Any CPU.ActiveCfg = Debug|Any CPU
		{2BE28A9A-0B60-4F8F-AD12-EFEB19C2B282}.Debug|Any CPU.Build.0 = Debug|Any CPU
		{2BE28A9A-0B60-4F8F-AD12-EFEB19C2B282}.Debug|x64.ActiveCfg = Debug|Any CPU
		{2BE28A9A-0B60-4F8F-AD12-EFEB19C2B282}.Debug|x64.Build.0 = Debug|Any CPU
		{2BE28A9A-0B60-4F8F-AD12-EFEB19C2B282}.Debug|x86.ActiveCfg = Debug|Any CPU
		{2BE28A9A-0B60-4F8F-AD12-EFEB19C2B282}.Debug|x86.Build.0 = Debug|Any CPU
		{2BE28A9A-0B60-4F8F-AD12-EFEB19C2B282}.Release|Any CPU.ActiveCfg = Release|Any CPU
		{2BE28A9A-0B60-4F8F-AD12-EFEB19C2B282}.Release|Any CPU.Build.0 = Release|Any CPU
		{2BE28A9A-0B60-4F8F-AD12-EFEB19C2B282}.Release|x64.ActiveCfg = Release|Any CPU
		{2BE28A9A-0B60-4F8F-AD12-EFEB19C2B282}.Release|x64.Build.0 = Release|Any CPU
		{2BE28A9A-0B60-4F8F-AD12-EFEB19C2B282}.Release|x86.ActiveCfg = Release|Any CPU
		{2BE28A9A-0B60-4F8F-AD12-EFEB19C2B282}.Release|x86.Build.0 = Release|Any CPU
		{70CF92BF-2771-4401-8D76-4AB0A6937157}.Debug|Any CPU.ActiveCfg = Debug|Any CPU
		{70CF92BF-2771-4401-8D76-4AB0A6937157}.Debug|Any CPU.Build.0 = Debug|Any CPU
		{70CF92BF-2771-4401-8D76-4AB0A6937157}.Debug|x64.ActiveCfg = Debug|Any CPU
		{70CF92BF-2771-4401-8D76-4AB0A6937157}.Debug|x64.Build.0 = Debug|Any CPU
		{70CF92BF-2771-4401-8D76-4AB0A6937157}.Debug|x86.ActiveCfg = Debug|Any CPU
		{70CF92BF-2771-4401-8D76-4AB0A6937157}.Debug|x86.Build.0 = Debug|Any CPU
		{70CF92BF-2771-4401-8D76-4AB0A6937157}.Release|Any CPU.ActiveCfg = Release|Any CPU
		{70CF92BF-2771-4401-8D76-4AB0A6937157}.Release|Any CPU.Build.0 = Release|Any CPU
		{70CF92BF-2771-4401-8D76-4AB0A6937157}.Release|x64.ActiveCfg = Release|Any CPU
		{70CF92BF-2771-4401-8D76-4AB0A6937157}.Release|x64.Build.0 = Release|Any CPU
		{70CF92BF-2771-4401-8D76-4AB0A6937157}.Release|x86.ActiveCfg = Release|Any CPU
		{70CF92BF-2771-4401-8D76-4AB0A6937157}.Release|x86.Build.0 = Release|Any CPU
		{A7078234-3DC4-43E5-97F4-0FC40F461622}.Debug|Any CPU.ActiveCfg = Debug|Any CPU
		{A7078234-3DC4-43E5-97F4-0FC40F461622}.Debug|Any CPU.Build.0 = Debug|Any CPU
		{A7078234-3DC4-43E5-97F4-0FC40F461622}.Debug|x64.ActiveCfg = Debug|Any CPU
		{A7078234-3DC4-43E5-97F4-0FC40F461622}.Debug|x64.Build.0 = Debug|Any CPU
		{A7078234-3DC4-43E5-97F4-0FC40F461622}.Debug|x86.ActiveCfg = Debug|Any CPU
		{A7078234-3DC4-43E5-97F4-0FC40F461622}.Debug|x86.Build.0 = Debug|Any CPU
		{A7078234-3DC4-43E5-97F4-0FC40F461622}.Release|Any CPU.ActiveCfg = Release|Any CPU
		{A7078234-3DC4-43E5-97F4-0FC40F461622}.Release|Any CPU.Build.0 = Release|Any CPU
		{A7078234-3DC4-43E5-97F4-0FC40F461622}.Release|x64.ActiveCfg = Release|Any CPU
		{A7078234-3DC4-43E5-97F4-0FC40F461622}.Release|x64.Build.0 = Release|Any CPU
		{A7078234-3DC4-43E5-97F4-0FC40F461622}.Release|x86.ActiveCfg = Release|Any CPU
		{A7078234-3DC4-43E5-97F4-0FC40F461622}.Release|x86.Build.0 = Release|Any CPU
		{1C7769C8-F5DC-4155-95FD-2895BF797538}.Debug|Any CPU.ActiveCfg = Debug|Any CPU
		{1C7769C8-F5DC-4155-95FD-2895BF797538}.Debug|Any CPU.Build.0 = Debug|Any CPU
		{1C7769C8-F5DC-4155-95FD-2895BF797538}.Debug|x64.ActiveCfg = Debug|Any CPU
		{1C7769C8-F5DC-4155-95FD-2895BF797538}.Debug|x64.Build.0 = Debug|Any CPU
		{1C7769C8-F5DC-4155-95FD-2895BF797538}.Debug|x86.ActiveCfg = Debug|Any CPU
		{1C7769C8-F5DC-4155-95FD-2895BF797538}.Debug|x86.Build.0 = Debug|Any CPU
		{1C7769C8-F5DC-4155-95FD-2895BF797538}.Release|Any CPU.ActiveCfg = Release|Any CPU
		{1C7769C8-F5DC-4155-95FD-2895BF797538}.Release|Any CPU.Build.0 = Release|Any CPU
		{1C7769C8-F5DC-4155-95FD-2895BF797538}.Release|x64.ActiveCfg = Release|Any CPU
		{1C7769C8-F5DC-4155-95FD-2895BF797538}.Release|x64.Build.0 = Release|Any CPU
		{1C7769C8-F5DC-4155-95FD-2895BF797538}.Release|x86.ActiveCfg = Release|Any CPU
		{1C7769C8-F5DC-4155-95FD-2895BF797538}.Release|x86.Build.0 = Release|Any CPU
		{19DF15A7-87AA-4D64-A14A-1D64E5EF27FC}.Debug|Any CPU.ActiveCfg = Debug|Any CPU
		{19DF15A7-87AA-4D64-A14A-1D64E5EF27FC}.Debug|Any CPU.Build.0 = Debug|Any CPU
		{19DF15A7-87AA-4D64-A14A-1D64E5EF27FC}.Debug|x64.ActiveCfg = Debug|Any CPU
		{19DF15A7-87AA-4D64-A14A-1D64E5EF27FC}.Debug|x64.Build.0 = Debug|Any CPU
		{19DF15A7-87AA-4D64-A14A-1D64E5EF27FC}.Debug|x86.ActiveCfg = Debug|Any CPU
		{19DF15A7-87AA-4D64-A14A-1D64E5EF27FC}.Debug|x86.Build.0 = Debug|Any CPU
		{19DF15A7-87AA-4D64-A14A-1D64E5EF27FC}.Release|Any CPU.ActiveCfg = Release|Any CPU
		{19DF15A7-87AA-4D64-A14A-1D64E5EF27FC}.Release|Any CPU.Build.0 = Release|Any CPU
		{19DF15A7-87AA-4D64-A14A-1D64E5EF27FC}.Release|x64.ActiveCfg = Release|Any CPU
		{19DF15A7-87AA-4D64-A14A-1D64E5EF27FC}.Release|x64.Build.0 = Release|Any CPU
		{19DF15A7-87AA-4D64-A14A-1D64E5EF27FC}.Release|x86.ActiveCfg = Release|Any CPU
		{19DF15A7-87AA-4D64-A14A-1D64E5EF27FC}.Release|x86.Build.0 = Release|Any CPU
	EndGlobalSection
	GlobalSection(SolutionProperties) = preSolution
		HideSolutionNode = FALSE
	EndGlobalSection
	GlobalSection(NestedProjects) = preSolution
		{BFF2DF6E-AA54-47C7-211F-79ACCBB4577C} = {827E0CD3-B72D-47B6-A68D-7590B98EB39B}
		{70B3A369-FB5F-4A43-A6C7-110ADE63728B} = {BFF2DF6E-AA54-47C7-211F-79ACCBB4577C}
		{1E89AB8A-3958-F0A1-8EA0-B56BC4D9D951} = {BFF2DF6E-AA54-47C7-211F-79ACCBB4577C}
		{2BE28A9A-0B60-4F8F-AD12-EFEB19C2B282} = {1E89AB8A-3958-F0A1-8EA0-B56BC4D9D951}
		{EC447DCF-ABFA-6E24-52A5-D7FD48A5C558} = {827E0CD3-B72D-47B6-A68D-7590B98EB39B}
		{64A503B8-9DAE-44B5-9C72-27432EAE363D} = {EC447DCF-ABFA-6E24-52A5-D7FD48A5C558}
		{70CF92BF-2771-4401-8D76-4AB0A6937157} = {64A503B8-9DAE-44B5-9C72-27432EAE363D}
		{3BFDE3C3-665D-40F6-9475-848E86C03DEC} = {64A503B8-9DAE-44B5-9C72-27432EAE363D}
		{A7078234-3DC4-43E5-97F4-0FC40F461622} = {3BFDE3C3-665D-40F6-9475-848E86C03DEC}
		{1C7769C8-F5DC-4155-95FD-2895BF797538} = {3BFDE3C3-665D-40F6-9475-848E86C03DEC}
		{19DF15A7-87AA-4D64-A14A-1D64E5EF27FC} = {64A503B8-9DAE-44B5-9C72-27432EAE363D}
	EndGlobalSection
	GlobalSection(ExtensibilityGlobals) = postSolution
		SolutionGuid = {572E56AC-749B-422F-B7EB-AEE472983B3E}
	EndGlobalSection
EndGlobal
